
Microsoft Visual Studio Solution File, Format Version 12.00
# Visual Studio Version 16
VisualStudioVersion = 16.0.29709.97
MinimumVisualStudioVersion = 10.0.40219.1
Project("{FAE04EC0-301F-11D3-BF4B-00C04F79EFBC}") = "UdemyGrabberWPF", "UdemyGrabberWPF\UdemyGrabberWPF.csproj", "{B4E2F2EC-43AE-4C17-B446-16F2E4ADBD20}"
EndProject
Global
	GlobalSection(SolutionConfigurationPlatforms) = preSolution
		Debug|Any CPU = Debug|Any CPU
		Release|Any CPU = Release|Any CPU
	EndGlobalSection
	GlobalSection(ProjectConfigurationPlatforms) = postSolution
		{B4E2F2EC-43AE-4C17-B446-16F2E4ADBD20}.Debug|Any CPU.ActiveCfg = Debug|Any CPU
		{B4E2F2EC-43AE-4C17-B446-16F2E4ADBD20}.Debug|Any CPU.Build.0 = Debug|Any CPU
		{B4E2F2EC-43AE-4C17-B446-16F2E4ADBD20}.Release|Any CPU.ActiveCfg = Release|Any CPU
		{B4E2F2EC-43AE-4C17-B446-16F2E4ADBD20}.Release|Any CPU.Build.0 = Release|Any CPU
	EndGlobalSection
	GlobalSection(SolutionProperties) = preSolution
		HideSolutionNode = FALSE
	EndGlobalSection
	GlobalSection(ExtensibilityGlobals) = postSolution
		SolutionGuid = {E8F6E1CD-E30D-4B55-AFA2-2F3728FD3992}
	EndGlobalSection
EndGlobal
